
Microsoft Visual Studio Solution File, Format Version 12.00
# Visual Studio Version 16
VisualStudioVersion = 16.0.30804.86
MinimumVisualStudioVersion = 10.0.40219.1
Project("{FAE04EC0-301F-11D3-BF4B-00C04F79EFBC}") = "Sonda.Api", "Sonda.Api\Sonda.Api.csproj", "{8AC7440F-4BAB-447B-BCA7-1C4BFEA69518}"
EndProject
Global
	GlobalSection(SolutionConfigurationPlatforms) = preSolution
		Debug|Any CPU = Debug|Any CPU
		Release|Any CPU = Release|Any CPU
	EndGlobalSection
	GlobalSection(ProjectConfigurationPlatforms) = postSolution
		{8AC7440F-4BAB-447B-BCA7-1C4BFEA69518}.Debug|Any CPU.ActiveCfg = Debug|Any CPU
		{8AC7440F-4BAB-447B-BCA7-1C4BFEA69518}.Debug|Any CPU.Build.0 = Debug|Any CPU
		{8AC7440F-4BAB-447B-BCA7-1C4BFEA69518}.Release|Any CPU.ActiveCfg = Release|Any CPU
		{8AC7440F-4BAB-447B-BCA7-1C4BFEA69518}.Release|Any CPU.Build.0 = Release|Any CPU
	EndGlobalSection
	GlobalSection(SolutionProperties) = preSolution
		HideSolutionNode = FALSE
	EndGlobalSection
	GlobalSection(ExtensibilityGlobals) = postSolution
		SolutionGuid = {A5F3EB4C-71CC-4200-B218-FBB70243C1B6}
	EndGlobalSection
EndGlobal
