
Microsoft Visual Studio Solution File, Format Version 12.00
# Visual Studio Version 16
VisualStudioVersion = 16.0.30804.86
MinimumVisualStudioVersion = 10.0.40219.1
Project("{FAE04EC0-301F-11D3-BF4B-00C04F79EFBC}") = "Sonda", "Sonda\Sonda.csproj", "{32ADEDD7-2513-4CD0-8DB3-3F24371AC3F5}"
EndProject
Project("{FAE04EC0-301F-11D3-BF4B-00C04F79EFBC}") = "Sonda.Testes", "Sonda.Testes\Sonda.Testes.csproj", "{714F9DED-2D7B-4AC1-B3FF-775AFEBE9E7E}"
EndProject
Global
	GlobalSection(SolutionConfigurationPlatforms) = preSolution
		Debug|Any CPU = Debug|Any CPU
		Release|Any CPU = Release|Any CPU
	EndGlobalSection
	GlobalSection(ProjectConfigurationPlatforms) = postSolution
		{32ADEDD7-2513-4CD0-8DB3-3F24371AC3F5}.Debug|Any CPU.ActiveCfg = Debug|Any CPU
		{32ADEDD7-2513-4CD0-8DB3-3F24371AC3F5}.Debug|Any CPU.Build.0 = Debug|Any CPU
		{32ADEDD7-2513-4CD0-8DB3-3F24371AC3F5}.Release|Any CPU.ActiveCfg = Release|Any CPU
		{32ADEDD7-2513-4CD0-8DB3-3F24371AC3F5}.Release|Any CPU.Build.0 = Release|Any CPU
		{714F9DED-2D7B-4AC1-B3FF-775AFEBE9E7E}.Debug|Any CPU.ActiveCfg = Debug|Any CPU
		{714F9DED-2D7B-4AC1-B3FF-775AFEBE9E7E}.Debug|Any CPU.Build.0 = Debug|Any CPU
		{714F9DED-2D7B-4AC1-B3FF-775AFEBE9E7E}.Release|Any CPU.ActiveCfg = Release|Any CPU
		{714F9DED-2D7B-4AC1-B3FF-775AFEBE9E7E}.Release|Any CPU.Build.0 = Release|Any CPU
	EndGlobalSection
	GlobalSection(SolutionProperties) = preSolution
		HideSolutionNode = FALSE
	EndGlobalSection
	GlobalSection(ExtensibilityGlobals) = postSolution
		SolutionGuid = {46BBEAF3-44EF-406E-9E3D-9DBDB1E2E103}
	EndGlobalSection
EndGlobal
